
Microsoft Visual Studio Solution File, Format Version 12.00
# Visual Studio Version 16
VisualStudioVersion = 16.0.29009.5
MinimumVisualStudioVersion = 10.0.40219.1
Project("{FAE04EC0-301F-11D3-BF4B-00C04F79EFBC}") = "FocusWindow", "streamdeck-focuswindow\FocusWindow.csproj", "{EA9D23A2-151D-42D3-B19D-54878D599CE2}"
EndProject
Project("{FAE04EC0-301F-11D3-BF4B-00C04F79EFBC}") = "FocusWindow.Tests", "FocusWindow.Tests\FocusWindow.Tests.csproj", "{99C5370E-9952-4F3A-B410-F30039371721}"
EndProject
Global
	GlobalSection(SolutionConfigurationPlatforms) = preSolution
		Debug|Any CPU = Debug|Any CPU
		Release|Any CPU = Release|Any CPU
	EndGlobalSection
	GlobalSection(ProjectConfigurationPlatforms) = postSolution
		{EA9D23A2-151D-42D3-B19D-54878D599CE2}.Debug|Any CPU.ActiveCfg = Debug|Any CPU
		{EA9D23A2-151D-42D3-B19D-54878D599CE2}.Debug|Any CPU.Build.0 = Debug|Any CPU
		{EA9D23A2-151D-42D3-B19D-54878D599CE2}.Release|Any CPU.ActiveCfg = Release|Any CPU
		{EA9D23A2-151D-42D3-B19D-54878D599CE2}.Release|Any CPU.Build.0 = Release|Any CPU
		{99C5370E-9952-4F3A-B410-F30039371721}.Debug|Any CPU.ActiveCfg = Debug|Any CPU
		{99C5370E-9952-4F3A-B410-F30039371721}.Debug|Any CPU.Build.0 = Debug|Any CPU
		{99C5370E-9952-4F3A-B410-F30039371721}.Release|Any CPU.ActiveCfg = Release|Any CPU
		{99C5370E-9952-4F3A-B410-F30039371721}.Release|Any CPU.Build.0 = Release|Any CPU
	EndGlobalSection
	GlobalSection(SolutionProperties) = preSolution
		HideSolutionNode = FALSE
	EndGlobalSection
	GlobalSection(ExtensibilityGlobals) = postSolution
		SolutionGuid = {180A4F4B-6931-4299-B89F-9C92C236A72A}
	EndGlobalSection
EndGlobal
